
Microsoft Visual Studio Solution File, Format Version 12.00
# Visual Studio 15
VisualStudioVersion = 15.0.28307.421
MinimumVisualStudioVersion = 10.0.40219.1
Project("{FAE04EC0-301F-11D3-BF4B-00C04F79EFBC}") = "TrainDelay", "TrainDelay\TrainDelay.csproj", "{0AA85F69-62D5-4E82-8B16-2CD146F35408}"
EndProject
Global
	GlobalSection(SolutionConfigurationPlatforms) = preSolution
		Debug|Any CPU = Debug|Any CPU
		Release|Any CPU = Release|Any CPU
	EndGlobalSection
	GlobalSection(ProjectConfigurationPlatforms) = postSolution
		{0AA85F69-62D5-4E82-8B16-2CD146F35408}.Debug|Any CPU.ActiveCfg = Debug|Any CPU
		{0AA85F69-62D5-4E82-8B16-2CD146F35408}.Debug|Any CPU.Build.0 = Debug|Any CPU
		{0AA85F69-62D5-4E82-8B16-2CD146F35408}.Release|Any CPU.ActiveCfg = Release|Any CPU
		{0AA85F69-62D5-4E82-8B16-2CD146F35408}.Release|Any CPU.Build.0 = Release|Any CPU
	EndGlobalSection
	GlobalSection(SolutionProperties) = preSolution
		HideSolutionNode = FALSE
	EndGlobalSection
	GlobalSection(ExtensibilityGlobals) = postSolution
		SolutionGuid = {B3A52F04-7298-429A-998E-9785E885AA90}
	EndGlobalSection
EndGlobal
